
Microsoft Visual Studio Solution File, Format Version 12.00
# Visual Studio Version 17
VisualStudioVersion = 17.3.32819.101
MinimumVisualStudioVersion = 10.0.40219.1
Project("{9A19103F-16F7-4668-BE54-9A1E7A4F7556}") = "CapaDatos", "CapaDatos\CapaDatos.csproj", "{320B26E2-AE84-4DB3-A450-1C162DE2BA9F}"
EndProject
Project("{9A19103F-16F7-4668-BE54-9A1E7A4F7556}") = "CapaPresentacion", "CapaPresentacion\CapaPresentacion.csproj", "{AD766443-3C2B-4BFB-A04A-CFC8CD4B4D93}"
EndProject
Project("{9A19103F-16F7-4668-BE54-9A1E7A4F7556}") = "CapaEntidad", "CapaEntidad\CapaEntidad.csproj", "{B5335551-0FF4-450F-ACFF-6BF47F912A4F}"
EndProject
Project("{9A19103F-16F7-4668-BE54-9A1E7A4F7556}") = "CapaNegocio", "CapaNegocio\CapaNegocio.csproj", "{FD82B736-D678-409A-B0BA-6B1110A37F79}"
EndProject
Project("{2150E333-8FDC-42A3-9474-1A3956D46DE8}") = "BASEDEDATOS", "BASEDEDATOS", "{DE35C40E-0A85-475C-9006-E23C16DD189C}"
EndProject
Global
	GlobalSection(SolutionConfigurationPlatforms) = preSolution
		Debug|Any CPU = Debug|Any CPU
		Release|Any CPU = Release|Any CPU
	EndGlobalSection
	GlobalSection(ProjectConfigurationPlatforms) = postSolution
		{320B26E2-AE84-4DB3-A450-1C162DE2BA9F}.Debug|Any CPU.ActiveCfg = Debug|Any CPU
		{320B26E2-AE84-4DB3-A450-1C162DE2BA9F}.Debug|Any CPU.Build.0 = Debug|Any CPU
		{320B26E2-AE84-4DB3-A450-1C162DE2BA9F}.Release|Any CPU.ActiveCfg = Release|Any CPU
		{320B26E2-AE84-4DB3-A450-1C162DE2BA9F}.Release|Any CPU.Build.0 = Release|Any CPU
		{AD766443-3C2B-4BFB-A04A-CFC8CD4B4D93}.Debug|Any CPU.ActiveCfg = Debug|Any CPU
		{AD766443-3C2B-4BFB-A04A-CFC8CD4B4D93}.Debug|Any CPU.Build.0 = Debug|Any CPU
		{AD766443-3C2B-4BFB-A04A-CFC8CD4B4D93}.Release|Any CPU.ActiveCfg = Release|Any CPU
		{AD766443-3C2B-4BFB-A04A-CFC8CD4B4D93}.Release|Any CPU.Build.0 = Release|Any CPU
		{B5335551-0FF4-450F-ACFF-6BF47F912A4F}.Debug|Any CPU.ActiveCfg = Debug|Any CPU
		{B5335551-0FF4-450F-ACFF-6BF47F912A4F}.Debug|Any CPU.Build.0 = Debug|Any CPU
		{B5335551-0FF4-450F-ACFF-6BF47F912A4F}.Release|Any CPU.ActiveCfg = Release|Any CPU
		{B5335551-0FF4-450F-ACFF-6BF47F912A4F}.Release|Any CPU.Build.0 = Release|Any CPU
		{FD82B736-D678-409A-B0BA-6B1110A37F79}.Debug|Any CPU.ActiveCfg = Debug|Any CPU
		{FD82B736-D678-409A-B0BA-6B1110A37F79}.Debug|Any CPU.Build.0 = Debug|Any CPU
		{FD82B736-D678-409A-B0BA-6B1110A37F79}.Release|Any CPU.ActiveCfg = Release|Any CPU
		{FD82B736-D678-409A-B0BA-6B1110A37F79}.Release|Any CPU.Build.0 = Release|Any CPU
	EndGlobalSection
	GlobalSection(SolutionProperties) = preSolution
		HideSolutionNode = FALSE
	EndGlobalSection
	GlobalSection(ExtensibilityGlobals) = postSolution
		SolutionGuid = {AE9D6312-E28D-44CF-9205-E9921F540D04}
	EndGlobalSection
EndGlobal
